
Microsoft Visual Studio Solution File, Format Version 12.00
Project("{FAE04EC0-301F-11D3-BF4B-00C04F79EFBC}") = "ApexDiscordBotTests", "tests\ApexDiscordBotTests\ApexDiscordBotTests.csproj", "{65EC52A7-9C4C-4314-BB53-60F9FB99C956}"
EndProject
Project("{FAE04EC0-301F-11D3-BF4B-00C04F79EFBC}") = "Database", "src\Database\Database.csproj", "{470471FF-E0DE-4E44-B14B-BE3D15AC39BF}"
EndProject
Project("{FAE04EC0-301F-11D3-BF4B-00C04F79EFBC}") = "Domain", "src\Domain\Domain.csproj", "{2C614C82-5CB5-4930-B0ED-11D2DD78C79C}"
EndProject
Project("{FAE04EC0-301F-11D3-BF4B-00C04F79EFBC}") = "Discord", "src\Discord\Discord.csproj", "{48EA80E9-C329-4A21-AC43-9CCE085D9559}"
EndProject
Project("{2150E333-8FDC-42A3-9474-1A3956D46DE8}") = "src", "src", "{A1B57ACB-DB61-43FC-B28F-8A6192BB80A1}"
EndProject
Project("{2150E333-8FDC-42A3-9474-1A3956D46DE8}") = "tests", "tests", "{30470BA4-5AD5-46E3-940A-F7C2317385B1}"
EndProject
Project("{FAE04EC0-301F-11D3-BF4B-00C04F79EFBC}") = "Tracker", "src\Tracker\Tracker.csproj", "{99CC30A0-5718-4403-B794-3F0EB0E95364}"
EndProject
Project("{2150E333-8FDC-42A3-9474-1A3956D46DE8}") = "files", "files", "{D313E08C-D84F-4F54-87A6-A22BCD75A416}"
	ProjectSection(SolutionItems) = preProject
		.gitignore = .gitignore
		.dockerignore = .dockerignore
		Dockerfile = Dockerfile
		README.md = README.md
	EndProjectSection
EndProject
Project("{FAE04EC0-301F-11D3-BF4B-00C04F79EFBC}") = "WebApi", "src\WebApi\WebApi.csproj", "{3C9B22A7-CA5B-4472-B664-8112B43526BF}"
EndProject
Project("{FAE04EC0-301F-11D3-BF4B-00C04F79EFBC}") = "Application", "src\Application\Application.csproj", "{2DE4DF53-4249-497C-80C4-67D96E483386}"
EndProject
Global
	GlobalSection(SolutionConfigurationPlatforms) = preSolution
		Debug|Any CPU = Debug|Any CPU
		Release|Any CPU = Release|Any CPU
	EndGlobalSection
	GlobalSection(ProjectConfigurationPlatforms) = postSolution
		{65EC52A7-9C4C-4314-BB53-60F9FB99C956}.Debug|Any CPU.ActiveCfg = Debug|Any CPU
		{65EC52A7-9C4C-4314-BB53-60F9FB99C956}.Debug|Any CPU.Build.0 = Debug|Any CPU
		{65EC52A7-9C4C-4314-BB53-60F9FB99C956}.Release|Any CPU.ActiveCfg = Release|Any CPU
		{65EC52A7-9C4C-4314-BB53-60F9FB99C956}.Release|Any CPU.Build.0 = Release|Any CPU
		{470471FF-E0DE-4E44-B14B-BE3D15AC39BF}.Debug|Any CPU.ActiveCfg = Debug|Any CPU
		{470471FF-E0DE-4E44-B14B-BE3D15AC39BF}.Debug|Any CPU.Build.0 = Debug|Any CPU
		{470471FF-E0DE-4E44-B14B-BE3D15AC39BF}.Release|Any CPU.ActiveCfg = Release|Any CPU
		{470471FF-E0DE-4E44-B14B-BE3D15AC39BF}.Release|Any CPU.Build.0 = Release|Any CPU
		{2C614C82-5CB5-4930-B0ED-11D2DD78C79C}.Debug|Any CPU.ActiveCfg = Debug|Any CPU
		{2C614C82-5CB5-4930-B0ED-11D2DD78C79C}.Debug|Any CPU.Build.0 = Debug|Any CPU
		{2C614C82-5CB5-4930-B0ED-11D2DD78C79C}.Release|Any CPU.ActiveCfg = Release|Any CPU
		{2C614C82-5CB5-4930-B0ED-11D2DD78C79C}.Release|Any CPU.Build.0 = Release|Any CPU
		{48EA80E9-C329-4A21-AC43-9CCE085D9559}.Debug|Any CPU.ActiveCfg = Debug|Any CPU
		{48EA80E9-C329-4A21-AC43-9CCE085D9559}.Debug|Any CPU.Build.0 = Debug|Any CPU
		{48EA80E9-C329-4A21-AC43-9CCE085D9559}.Release|Any CPU.ActiveCfg = Release|Any CPU
		{48EA80E9-C329-4A21-AC43-9CCE085D9559}.Release|Any CPU.Build.0 = Release|Any CPU
		{99CC30A0-5718-4403-B794-3F0EB0E95364}.Debug|Any CPU.ActiveCfg = Debug|Any CPU
		{99CC30A0-5718-4403-B794-3F0EB0E95364}.Debug|Any CPU.Build.0 = Debug|Any CPU
		{99CC30A0-5718-4403-B794-3F0EB0E95364}.Release|Any CPU.ActiveCfg = Release|Any CPU
		{99CC30A0-5718-4403-B794-3F0EB0E95364}.Release|Any CPU.Build.0 = Release|Any CPU
		{3C9B22A7-CA5B-4472-B664-8112B43526BF}.Debug|Any CPU.ActiveCfg = Debug|Any CPU
		{3C9B22A7-CA5B-4472-B664-8112B43526BF}.Debug|Any CPU.Build.0 = Debug|Any CPU
		{3C9B22A7-CA5B-4472-B664-8112B43526BF}.Release|Any CPU.ActiveCfg = Release|Any CPU
		{3C9B22A7-CA5B-4472-B664-8112B43526BF}.Release|Any CPU.Build.0 = Release|Any CPU
		{2DE4DF53-4249-497C-80C4-67D96E483386}.Debug|Any CPU.ActiveCfg = Debug|Any CPU
		{2DE4DF53-4249-497C-80C4-67D96E483386}.Debug|Any CPU.Build.0 = Debug|Any CPU
		{2DE4DF53-4249-497C-80C4-67D96E483386}.Release|Any CPU.ActiveCfg = Release|Any CPU
		{2DE4DF53-4249-497C-80C4-67D96E483386}.Release|Any CPU.Build.0 = Release|Any CPU
	EndGlobalSection
	GlobalSection(NestedProjects) = preSolution
		{48EA80E9-C329-4A21-AC43-9CCE085D9559} = {A1B57ACB-DB61-43FC-B28F-8A6192BB80A1}
		{470471FF-E0DE-4E44-B14B-BE3D15AC39BF} = {A1B57ACB-DB61-43FC-B28F-8A6192BB80A1}
		{2C614C82-5CB5-4930-B0ED-11D2DD78C79C} = {A1B57ACB-DB61-43FC-B28F-8A6192BB80A1}
		{65EC52A7-9C4C-4314-BB53-60F9FB99C956} = {30470BA4-5AD5-46E3-940A-F7C2317385B1}
		{99CC30A0-5718-4403-B794-3F0EB0E95364} = {A1B57ACB-DB61-43FC-B28F-8A6192BB80A1}
		{3C9B22A7-CA5B-4472-B664-8112B43526BF} = {A1B57ACB-DB61-43FC-B28F-8A6192BB80A1}
		{2DE4DF53-4249-497C-80C4-67D96E483386} = {A1B57ACB-DB61-43FC-B28F-8A6192BB80A1}
	EndGlobalSection
EndGlobal
